
Microsoft Visual Studio Solution File, Format Version 12.00
# Visual Studio Version 17
VisualStudioVersion = 17.14.36915.13 d17.14
MinimumVisualStudioVersion = 10.0.40219.1
Project("{FAE04EC0-301F-11D3-BF4B-00C04F79EFBC}") = "ST10451595 Ezrah Shilubana PROG2A Group 15 POE Part 1", "ST10451595 Ezrah Shilubana PROG2A Group 15 POE Part 1\ST10451595 Ezrah Shilubana PROG2A Group 15 POE Part 1.csproj", "{0E20F956-3DA4-499C-8B4B-A60C13F9340A}"
EndProject
Global
	GlobalSection(SolutionConfigurationPlatforms) = preSolution
		Debug|Any CPU = Debug|Any CPU
		Release|Any CPU = Release|Any CPU
	EndGlobalSection
	GlobalSection(ProjectConfigurationPlatforms) = postSolution
		{0E20F956-3DA4-499C-8B4B-A60C13F9340A}.Debug|Any CPU.ActiveCfg = Debug|Any CPU
		{0E20F956-3DA4-499C-8B4B-A60C13F9340A}.Debug|Any CPU.Build.0 = Debug|Any CPU
		{0E20F956-3DA4-499C-8B4B-A60C13F9340A}.Release|Any CPU.ActiveCfg = Release|Any CPU
		{0E20F956-3DA4-499C-8B4B-A60C13F9340A}.Release|Any CPU.Build.0 = Release|Any CPU
	EndGlobalSection
	GlobalSection(SolutionProperties) = preSolution
		HideSolutionNode = FALSE
	EndGlobalSection
	GlobalSection(ExtensibilityGlobals) = postSolution
		SolutionGuid = {E7BC2A40-E1F1-4E37-B184-A707D350E055}
	EndGlobalSection
EndGlobal
